
Microsoft Visual Studio Solution File, Format Version 12.00
# Visual Studio Version 17
VisualStudioVersion = 17.5.002.0
MinimumVisualStudioVersion = 10.0.40219.1
Project("{9A19103F-16F7-4668-BE54-9A1E7A4F7556}") = "webApi", "webApi.csproj", "{64CBAA8C-822C-4440-AA6A-C743EAC2DE5B}"
EndProject
Global
	GlobalSection(SolutionConfigurationPlatforms) = preSolution
		Debug|Any CPU = Debug|Any CPU
		Release|Any CPU = Release|Any CPU
	EndGlobalSection
	GlobalSection(ProjectConfigurationPlatforms) = postSolution
		{64CBAA8C-822C-4440-AA6A-C743EAC2DE5B}.Debug|Any CPU.ActiveCfg = Debug|Any CPU
		{64CBAA8C-822C-4440-AA6A-C743EAC2DE5B}.Debug|Any CPU.Build.0 = Debug|Any CPU
		{64CBAA8C-822C-4440-AA6A-C743EAC2DE5B}.Release|Any CPU.ActiveCfg = Release|Any CPU
		{64CBAA8C-822C-4440-AA6A-C743EAC2DE5B}.Release|Any CPU.Build.0 = Release|Any CPU
	EndGlobalSection
	GlobalSection(SolutionProperties) = preSolution
		HideSolutionNode = FALSE
	EndGlobalSection
	GlobalSection(ExtensibilityGlobals) = postSolution
		SolutionGuid = {43712437-BBF5-40AB-A524-B4A4E8ECD2ED}
	EndGlobalSection
EndGlobal
